
Microsoft Visual Studio Solution File, Format Version 12.00
# Visual Studio Version 17
VisualStudioVersion = 17.4.33205.214
MinimumVisualStudioVersion = 10.0.40219.1
Project("{FAE04EC0-301F-11D3-BF4B-00C04F79EFBC}") = "NotionAutomagic", "NotionAutomagic.csproj", "{311FF9BB-218D-43E9-945C-BC0BA991C31A}"
EndProject
Global
	GlobalSection(SolutionConfigurationPlatforms) = preSolution
		Debug|Any CPU = Debug|Any CPU
		Release|Any CPU = Release|Any CPU
	EndGlobalSection
	GlobalSection(ProjectConfigurationPlatforms) = postSolution
		{311FF9BB-218D-43E9-945C-BC0BA991C31A}.Debug|Any CPU.ActiveCfg = Debug|Any CPU
		{311FF9BB-218D-43E9-945C-BC0BA991C31A}.Debug|Any CPU.Build.0 = Debug|Any CPU
		{311FF9BB-218D-43E9-945C-BC0BA991C31A}.Release|Any CPU.ActiveCfg = Release|Any CPU
		{311FF9BB-218D-43E9-945C-BC0BA991C31A}.Release|Any CPU.Build.0 = Release|Any CPU
	EndGlobalSection
	GlobalSection(SolutionProperties) = preSolution
		HideSolutionNode = FALSE
	EndGlobalSection
	GlobalSection(ExtensibilityGlobals) = postSolution
		SolutionGuid = {8B29E9B1-E7B6-4977-A4E3-21F253743AF7}
	EndGlobalSection
EndGlobal
